lockfileVersion: '9.0'

settings:
  autoInstallPeers: true
  excludeLinksFromLockfile: false

importers:

  .:
    dependencies:
      '@envio-dev/hypersync-client':
        specifier: ^0.6.2
        version: 0.6.2
      viem:
        specifier: ^2.9.6
        version: 2.9.6

packages:

  '@adraffy/ens-normalize@1.10.0':
    resolution: {integrity: sha512-nA9XHtlAkYfJxY7bce8DcN7eKxWWCWkU+1GR9d+U6MbNpfwQp8TI7vqOsBsMcHoT4mBu2kypKoSKnghEzOOq5Q==}

  '@envio-dev/hypersync-client-darwin-arm64@0.6.2':
    resolution: {integrity: sha512-dDIuQqEgARR1JYodbGkmck1i9qbYEidc4Kw4DOrRKQ0uZFwflI4o8wm3P+G/ofc1iXwp4pm7jqNUGzZDpK9pqA==}
    engines: {node: '>= 10'}
    cpu: [arm64]
    os: [darwin]

  '@envio-dev/hypersync-client-darwin-x64@0.6.2':
    resolution: {integrity: sha512-NGlgkmosAzlZ1EuQ5/djkg6sQI/dgVX+XGOLI6Zden0ca2zr/ByBRA7yCKxpwZHYynFN2FoMsMGSRY8jj6XQWw==}
    engines: {node: '>= 10'}
    cpu: [x64]
    os: [darwin]

  '@envio-dev/hypersync-client-linux-arm64-gnu@0.6.2':
    resolution: {integrity: sha512-p2LQSaOSgjVvvFHOGHnPHTnsDHCWNEG78J29guZyqWojmaxTaR4eGyFEknla7eO0w58EIUGEBTF0+EJ7duMimg==}
    engines: {node: '>= 10'}
    cpu: [arm64]
    os: [linux]

  '@envio-dev/hypersync-client-linux-x64-gnu@0.6.2':
    resolution: {integrity: sha512-/kIL9Q0e5hM0g6cvdCHL93LMu+OCnwQAGKQHCj2TKKUjVpWFNb0Ki5PMgJhQ8mimEBFsJAnErVK+HrugLTlaVQ==}
    engines: {node: '>= 10'}
    cpu: [x64]
    os: [linux]

  '@envio-dev/hypersync-client-linux-x64-musl@0.6.2':
    resolution: {integrity: sha512-4r5hA/zyxUjWBDYYeXLCl5pBfSI9njEIPuLMFXajjVcAvSXRtBhmgVwa3JrjjCxZ8aLfqk9vvPkb/KgYfrbXXw==}
    engines: {node: '>= 10'}
    cpu: [x64]
    os: [linux]

  '@envio-dev/hypersync-client-win32-x64-msvc@0.6.2':
    resolution: {integrity: sha512-VgsSwmDAgvpgo9QsIiwIp9IN+h3g0U/7zrCrvNAMj+lsMHJPZ7L0cfN58dQUr84wL8domJGJrnMKUtu/Yf49ow==}
    engines: {node: '>= 10'}
    cpu: [x64]
    os: [win32]

  '@envio-dev/hypersync-client@0.6.2':
    resolution: {integrity: sha512-wgp0UmblW8yn/q5NMkVYPFDvOmgHWPTibl/QJYyYK2KXqAMHssUjP07ayduiZCexQOZ94Agpv4SvmYxQNjGBIA==}
    engines: {node: '>= 10'}

  '@noble/curves@1.2.0':
    resolution: {integrity: sha512-oYclrNgRaM9SsBUBVbb8M6DTV7ZHRTKugureoYEncY5c65HOmRzvSiTE3y5CYaPYJA/GVkrhXEoF0M3Ya9PMnw==}

  '@noble/hashes@1.3.2':
    resolution: {integrity: sha512-MVC8EAQp7MvEcm30KWENFjgR+Mkmf+D189XJTkFIlwohU5hcBbn1ZkKq7KVTi2Hme3PMGF390DaL52beVrIihQ==}
    engines: {node: '>= 16'}

  '@scure/base@1.1.6':
    resolution: {integrity: sha512-ok9AWwhcgYuGG3Zfhyqg+zwl+Wn5uE+dwC0NV/2qQkx4dABbb/bx96vWu8NSj+BNjjSjno+JRYRjle1jV08k3g==}

  '@scure/bip32@1.3.2':
    resolution: {integrity: sha512-N1ZhksgwD3OBlwTv3R6KFEcPojl/W4ElJOeCZdi+vuI5QmTFwLq3OFf2zd2ROpKvxFdgZ6hUpb0dx9bVNEwYCA==}

  '@scure/bip39@1.2.1':
    resolution: {integrity: sha512-Z3/Fsz1yr904dduJD0NpiyRHhRYHdcnyh73FZWiV+/qhWi83wNJ3NWolYqCEN+ZWsUz2TWwajJggcRE9r1zUYg==}

  abitype@1.0.0:
    resolution: {integrity: sha512-NMeMah//6bJ56H5XRj8QCV4AwuW6hB6zqz2LnhhLdcWVQOsXki6/Pn3APeqxCma62nXIcmZWdu1DlHWS74umVQ==}
    peerDependencies:
      typescript: '>=5.0.4'
      zod: ^3 >=3.22.0
    peerDependenciesMeta:
      typescript:
        optional: true
      zod:
        optional: true

  isows@1.0.3:
    resolution: {integrity: sha512-2cKei4vlmg2cxEjm3wVSqn8pcoRF/LX/wpifuuNquFO4SQmPwarClT+SUCA2lt+l581tTeZIPIZuIDo2jWN1fg==}
    peerDependencies:
      ws: '*'

  npm@10.9.0:
    resolution: {integrity: sha512-ZanDioFylI9helNhl2LNd+ErmVD+H5I53ry41ixlLyCBgkuYb+58CvbAp99hW+zr5L9W4X7CchSoeqKdngOLSw==}
    engines: {node: ^18.17.0 || >=20.5.0}
    hasBin: true
    bundledDependencies:
      - '@isaacs/string-locale-compare'
      - '@npmcli/arborist'
      - '@npmcli/config'
      - '@npmcli/fs'
      - '@npmcli/map-workspaces'
      - '@npmcli/package-json'
      - '@npmcli/promise-spawn'
      - '@npmcli/redact'
      - '@npmcli/run-script'
      - '@sigstore/tuf'
      - abbrev
      - archy
      - cacache
      - chalk
      - ci-info
      - cli-columns
      - fastest-levenshtein
      - fs-minipass
      - glob
      - graceful-fs
      - hosted-git-info
      - ini
      - init-package-json
      - is-cidr
      - json-parse-even-better-errors
      - libnpmaccess
      - libnpmdiff
      - libnpmexec
      - libnpmfund
      - libnpmhook
      - libnpmorg
      - libnpmpack
      - libnpmpublish
      - libnpmsearch
      - libnpmteam
      - libnpmversion
      - make-fetch-happen
      - minimatch
      - minipass
      - minipass-pipeline
      - ms
      - node-gyp
      - nopt
      - normalize-package-data
      - npm-audit-report
      - npm-install-checks
      - npm-package-arg
      - npm-pick-manifest
      - npm-profile
      - npm-registry-fetch
      - npm-user-validate
      - p-map
      - pacote
      - parse-conflict-json
      - proc-log
      - qrcode-terminal
      - read
      - semver
      - spdx-expression-parse
      - ssri
      - supports-color
      - tar
      - text-table
      - tiny-relative-date
      - treeverse
      - validate-npm-package-name
      - which
      - write-file-atomic

  viem@2.9.6:
    resolution: {integrity: sha512-VVFWjGQei2wnWTvAB/xrIf22m6flCwxeBr8LnwejXMTSSi1EORWEswrw2lfKTmw3TlRPSG4uSiQMa/d0l0DKRg==}
    peerDependencies:
      typescript: '>=5.0.4'
    peerDependenciesMeta:
      typescript:
        optional: true

  ws@8.13.0:
    resolution: {integrity: sha512-x9vcZYTrFPC7aSIbj7sRCYo7L/Xb8Iy+pW0ng0wt2vCJv7M9HOMy0UoN3rr+IFC7hb7vXoqS+P9ktyLLLhO+LA==}
    engines: {node: '>=10.0.0'}
    peerDependencies:
      bufferutil: ^4.0.1
      utf-8-validate: '>=5.0.2'
    peerDependenciesMeta:
      bufferutil:
        optional: true
      utf-8-validate:
        optional: true

  yarn@1.22.22:
    resolution: {integrity: sha512-prL3kGtyG7o9Z9Sv8IPfBNrWTDmXB4Qbes8A9rEzt6wkJV8mUvoirjU0Mp3GGAU06Y0XQyA3/2/RQFVuK7MTfg==}
    engines: {node: '>=4.0.0'}
    hasBin: true

snapshots:

  '@adraffy/ens-normalize@1.10.0': {}

  '@envio-dev/hypersync-client-darwin-arm64@0.6.2':
    optional: true

  '@envio-dev/hypersync-client-darwin-x64@0.6.2':
    optional: true

  '@envio-dev/hypersync-client-linux-arm64-gnu@0.6.2':
    optional: true

  '@envio-dev/hypersync-client-linux-x64-gnu@0.6.2':
    optional: true

  '@envio-dev/hypersync-client-linux-x64-musl@0.6.2':
    optional: true

  '@envio-dev/hypersync-client-win32-x64-msvc@0.6.2':
    optional: true

  '@envio-dev/hypersync-client@0.6.2':
    dependencies:
      npm: 10.9.0
      yarn: 1.22.22
    optionalDependencies:
      '@envio-dev/hypersync-client-darwin-arm64': 0.6.2
      '@envio-dev/hypersync-client-darwin-x64': 0.6.2
      '@envio-dev/hypersync-client-linux-arm64-gnu': 0.6.2
      '@envio-dev/hypersync-client-linux-x64-gnu': 0.6.2
      '@envio-dev/hypersync-client-linux-x64-musl': 0.6.2
      '@envio-dev/hypersync-client-win32-x64-msvc': 0.6.2

  '@noble/curves@1.2.0':
    dependencies:
      '@noble/hashes': 1.3.2

  '@noble/hashes@1.3.2': {}

  '@scure/base@1.1.6': {}

  '@scure/bip32@1.3.2':
    dependencies:
      '@noble/curves': 1.2.0
      '@noble/hashes': 1.3.2
      '@scure/base': 1.1.6

  '@scure/bip39@1.2.1':
    dependencies:
      '@noble/hashes': 1.3.2
      '@scure/base': 1.1.6

  abitype@1.0.0: {}

  isows@1.0.3(ws@8.13.0):
    dependencies:
      ws: 8.13.0

  npm@10.9.0: {}

  viem@2.9.6:
    dependencies:
      '@adraffy/ens-normalize': 1.10.0
      '@noble/curves': 1.2.0
      '@noble/hashes': 1.3.2
      '@scure/bip32': 1.3.2
      '@scure/bip39': 1.2.1
      abitype: 1.0.0
      isows: 1.0.3(ws@8.13.0)
      ws: 8.13.0
    transitivePeerDependencies:
      - bufferutil
      - utf-8-validate
      - zod

  ws@8.13.0: {}

  yarn@1.22.22: {}
